
Microsoft Visual Studio Solution File, Format Version 12.00
# Visual Studio Version 17
VisualStudioVersion = 17.3.32811.315
MinimumVisualStudioVersion = 10.0.40219.1
Project("{FAE04EC0-301F-11D3-BF4B-00C04F79EFBC}") = "NCKH.Blockchain.Team4.API", "NCKH.Blockchain.Team4.API\NCKH.Blockchain.Team4.API.csproj", "{E847C4D3-BD95-455C-AEF0-AC8497C44385}"
EndProject
Project("{FAE04EC0-301F-11D3-BF4B-00C04F79EFBC}") = "NCKH.Blockchain.Team4.Common", "NCKH.Blockchain.Team4.Common\NCKH.Blockchain.Team4.Common.csproj", "{F9790777-8CB8-4C27-B1AD-8563F83F68A7}"
EndProject
Global
	GlobalSection(SolutionConfigurationPlatforms) = preSolution
		Debug|Any CPU = Debug|Any CPU
		Release|Any CPU = Release|Any CPU
	EndGlobalSection
	GlobalSection(ProjectConfigurationPlatforms) = postSolution
		{E847C4D3-BD95-455C-AEF0-AC8497C44385}.Debug|Any CPU.ActiveCfg = Debug|Any CPU
		{E847C4D3-BD95-455C-AEF0-AC8497C44385}.Debug|Any CPU.Build.0 = Debug|Any CPU
		{E847C4D3-BD95-455C-AEF0-AC8497C44385}.Release|Any CPU.ActiveCfg = Release|Any CPU
		{E847C4D3-BD95-455C-AEF0-AC8497C44385}.Release|Any CPU.Build.0 = Release|Any CPU
		{F9790777-8CB8-4C27-B1AD-8563F83F68A7}.Debug|Any CPU.ActiveCfg = Debug|Any CPU
		{F9790777-8CB8-4C27-B1AD-8563F83F68A7}.Debug|Any CPU.Build.0 = Debug|Any CPU
		{F9790777-8CB8-4C27-B1AD-8563F83F68A7}.Release|Any CPU.ActiveCfg = Release|Any CPU
		{F9790777-8CB8-4C27-B1AD-8563F83F68A7}.Release|Any CPU.Build.0 = Release|Any CPU
	EndGlobalSection
	GlobalSection(SolutionProperties) = preSolution
		HideSolutionNode = FALSE
	EndGlobalSection
	GlobalSection(ExtensibilityGlobals) = postSolution
		SolutionGuid = {BEE1E9F5-9CF9-49B2-B546-55793BABBD50}
	EndGlobalSection
EndGlobal
